// !$*UTF8*$!
{
	archiveVersion = 1;
	classes = {
	};
	objectVersion = 50;
	objects = {

/* Begin PBXBuildFile section */
		6896814923D330FA007A9E7A /* AppDelegate.swift in Sources */ = {isa = PBXBuildFile; fileRef = 6896814823D330FA007A9E7A /* AppDelegate.swift */; };
		6896814B23D330FA007A9E7A /* GameScene.sks in Resources */ = {isa = PBXBuildFile; fileRef = 6896814A23D330FA007A9E7A /* GameScene.sks */; };
		6896814D23D330FA007A9E7A /* Actions.sks in Resources */ = {isa = PBXBuildFile; fileRef = 6896814C23D330FA007A9E7A /* Actions.sks */; };
		6896814F23D330FA007A9E7A /* GameScene_original.swift in Sources */ = {isa = PBXBuildFile; fileRef = 6896814E23D330FA007A9E7A /* GameScene_original.swift */; };
		6896815123D330FA007A9E7A /* GameViewController.swift in Sources */ = {isa = PBXBuildFile; fileRef = 6896815023D330FA007A9E7A /* GameViewController.swift */; };
		6896815423D330FA007A9E7A /* Main.storyboard in Resources */ = {isa = PBXBuildFile; fileRef = 6896815223D330FA007A9E7A /* Main.storyboard */; };
		6896815623D33103007A9E7A /* Assets.xcassets in Resources */ = {isa = PBXBuildFile; fileRef = 6896815523D33103007A9E7A /* Assets.xcassets */; };
		6896815923D33103007A9E7A /* LaunchScreen.storyboard in Resources */ = {isa = PBXBuildFile; fileRef = 6896815723D33103007A9E7A /* LaunchScreen.storyboard */; };
/* End PBXBuildFile section */

/* Begin PBXFileReference section */
		6896814523D330FA007A9E7A /* Tetromino sudoku.app */ = {isa = PBXFileReference; explicitFileType = wrapper.application; includeInIndex = 0; path = "Tetromino sudoku.app"; sourceTree = BUILT_PRODUCTS_DIR; };
		6896814823D330FA007A9E7A /* AppDelegate.swift */ = {isa = PBXFileReference; lastKnownFileType = sourcecode.swift; path = AppDelegate.swift; sourceTree = "<group>"; };
		6896814A23D330FA007A9E7A /* GameScene.sks */ = {isa = PBXFileReference; lastKnownFileType = file.sks; path = GameScene.sks; sourceTree = "<group>"; };
		6896814C23D330FA007A9E7A /* Actions.sks */ = {isa = PBXFileReference; lastKnownFileType = file.sks; path = Actions.sks; sourceTree = "<group>"; };
		6896814E23D330FA007A9E7A /* GameScene_original.swift */ = {isa = PBXFileReference; lastKnownFileType = sourcecode.swift; path = GameScene_original.swift; sourceTree = "<group>"; };
		6896815023D330FA007A9E7A /* GameViewController.swift */ = {isa = PBXFileReference; lastKnownFileType = sourcecode.swift; path = GameViewController.swift; sourceTree = "<group>"; };
		6896815323D330FA007A9E7A /* Base */ = {isa = PBXFileReference; lastKnownFileType = file.storyboard; name = Base; path = Base.lproj/Main.storyboard; sourceTree = "<group>"; };
		6896815523D33103007A9E7A /* Assets.xcassets */ = {isa = PBXFileReference; lastKnownFileType = folder.assetcatalog; path = Assets.xcassets; sourceTree = "<group>"; };
		6896815823D33103007A9E7A /* Base */ = {isa = PBXFileReference; lastKnownFileType = file.storyboard; name = Base; path = Base.lproj/LaunchScreen.storyboard; sourceTree = "<group>"; };
		6896815A23D33103007A9E7A /* Info.plist */ = {isa = PBXFileReference; lastKnownFileType = text.plist.xml; path = Info.plist; sourceTree = "<group>"; };
/* End PBXFileReference section */

/* Begin PBXFrameworksBuildPhase section */
		6896814223D330FA007A9E7A /* Frameworks */ = {
			isa = PBXFrameworksBuildPhase;
			buildActionMask = 2147483647;
			files = (
			);
			runOnlyForDeploymentPostprocessing = 0;
		};
/* End PBXFrameworksBuildPhase section */

/* Begin PBXGroup section */
		6896813C23D330FA007A9E7A = {
			isa = PBXGroup;
			children = (
				6896814723D330FA007A9E7A /* Tetromino sudoku */,
				6896814623D330FA007A9E7A /* Products */,
			);
			sourceTree = "<group>";
		};
		6896814623D330FA007A9E7A /* Products */ = {
			isa = PBXGroup;
			children = (
				6896814523D330FA007A9E7A /* Tetromino sudoku.app */,
			);
			name = Products;
			sourceTree = "<group>";
		};
		6896814723D330FA007A9E7A /* Tetromino sudoku */ = {
			isa = PBXGroup;
			children = (
				6896814823D330FA007A9E7A /* AppDelegate.swift */,
				6896814A23D330FA007A9E7A /* GameScene.sks */,
				6896814C23D330FA007A9E7A /* Actions.sks */,
				6896814E23D330FA007A9E7A /* GameScene_original.swift */,
				6896815023D330FA007A9E7A /* GameViewController.swift */,
				6896815223D330FA007A9E7A /* Main.storyboard */,
				6896815523D33103007A9E7A /* Assets.xcassets */,
				6896815723D33103007A9E7A /* LaunchScreen.storyboard */,
				6896815A23D33103007A9E7A /* Info.plist */,
			);
			path = "Tetromino sudoku";
			sourceTree = "<group>";
		};
/* End PBXGroup section */

/* Begin PBXNativeTarget section */
		6896814423D330FA007A9E7A /* Tetromino sudoku */ = {
			isa = PBXNativeTarget;
			buildConfigurationList = 6896815D23D33103007A9E7A /* Build configuration list for PBXNativeTarget "Tetromino sudoku" */;
			buildPhases = (
				6896814123D330FA007A9E7A /* Sources */,
				6896814223D330FA007A9E7A /* Frameworks */,
				6896814323D330FA007A9E7A /* Resources */,
			);
			buildRules = (
			);
			dependencies = (
			);
			name = "Tetromino sudoku";
			productName = "Tetromino sudoku";
			productReference = 6896814523D330FA007A9E7A /* Tetromino sudoku.app */;
			productType = "com.apple.product-type.application";
		};
/* End PBXNativeTarget section */

/* Begin PBXProject section */
		6896813D23D330FA007A9E7A /* Project object */ = {
			isa = PBXProject;
			attributes = {
				LastSwiftUpdateCheck = 1130;
				LastUpgradeCheck = 1130;
				ORGANIZATIONNAME = "Olav Salhus";
				TargetAttributes = {
					6896814423D330FA007A9E7A = {
						CreatedOnToolsVersion = 11.3.1;
					};
				};
			};
			buildConfigurationList = 6896814023D330FA007A9E7A /* Build configuration list for PBXProject "Tetromino sudoku" */;
			compatibilityVersion = "Xcode 9.3";
			developmentRegion = en;
			hasScannedForEncodings = 0;
			knownRegions = (
				en,
				Base,
			);
			mainGroup = 6896813C23D330FA007A9E7A;
			productRefGroup = 6896814623D330FA007A9E7A /* Products */;
			projectDirPath = "";
			projectRoot = "";
			targets = (
				6896814423D330FA007A9E7A /* Tetromino sudoku */,
			);
		};
/* End PBXProject section */

/* Begin PBXResourcesBuildPhase section */
		6896814323D330FA007A9E7A /* Resources */ = {
			isa = PBXResourcesBuildPhase;
			buildActionMask = 2147483647;
			files = (
				6896815423D330FA007A9E7A /* Main.storyboard in Resources */,
				6896814B23D330FA007A9E7A /* GameScene.sks in Resources */,
				6896815623D33103007A9E7A /* Assets.xcassets in Resources */,
				6896815923D33103007A9E7A /* LaunchScreen.storyboard in Resources */,
				6896814D23D330FA007A9E7A /* Actions.sks in Resources */,
			);
			runOnlyForDeploymentPostprocessing = 0;
		};
/* End PBXResourcesBuildPhase section */

/* Begin PBXSourcesBuildPhase section */
		6896814123D330FA007A9E7A /* Sources */ = {
			isa = PBXSourcesBuildPhase;
			buildActionMask = 2147483647;
			files = (
				6896814F23D330FA007A9E7A /* GameScene_original.swift in Sources */,
				6896815123D330FA007A9E7A /* GameViewController.swift in Sources */,
				6896814923D330FA007A9E7A /* AppDelegate.swift in Sources */,
			);
			runOnlyForDeploymentPostprocessing = 0;
		};
/* End PBXSourcesBuildPhase section */

/* Begin PBXVariantGroup section */
		6896815223D330FA007A9E7A /* Main.storyboard */ = {
			isa = PBXVariantGroup;
			children = (
				6896815323D330FA007A9E7A /* Base */,
			);
			name = Main.storyboard;
			sourceTree = "<group>";
		};
		6896815723D33103007A9E7A /* LaunchScreen.storyboard */ = {
			isa = PBXVariantGroup;
			children = (
				6896815823D33103007A9E7A /* Base */,
			);
			name = LaunchScreen.storyboard;
			sourceTree = "<group>";
		};
/* End PBXVariantGroup section */

/* Begin XCBuildConfiguration section */
		6896815B23D33103007A9E7A /* Debug */ = {
			isa = XCBuildConfiguration;
			buildSettings = {
				ALWAYS_SEARCH_USER_PATHS = NO;
				CLANG_ANALYZER_NONNULL = YES;
				CLANG_ANALYZER_NUMBER_OBJECT_CONVERSION = YES_AGGRESSIVE;
				CLANG_CXX_LANGUAGE_STANDARD = "gnu++14";
				CLANG_CXX_LIBRARY = "libc++";
				CLANG_ENABLE_MODULES = YES;
				CLANG_ENABLE_OBJC_ARC = YES;
				CLANG_ENABLE_OBJC_WEAK = YES;
				CLANG_WARN_BLOCK_CAPTURE_AUTORELEASING = YES;
				CLANG_WARN_BOOL_CONVERSION = YES;
				CLANG_WARN_COMMA = YES;
				CLANG_WARN_CONSTANT_CONVERSION = YES;
				CLANG_WARN_DEPRECATED_OBJC_IMPLEMENTATIONS = YES;
				CLANG_WARN_DIRECT_OBJC_ISA_USAGE = YES_ERROR;
				CLANG_WARN_DOCUMENTATION_COMMENTS = YES;
				CLANG_WARN_EMPTY_BODY = YES;
				CLANG_WARN_ENUM_CONVERSION = YES;
				CLANG_WARN_INFINITE_RECURSION = YES;
				CLANG_WARN_INT_CONVERSION = YES;
				CLANG_WARN_NON_LITERAL_NULL_CONVERSION = YES;
				CLANG_WARN_OBJC_IMPLICIT_RETAIN_SELF = YES;
				CLANG_WARN_OBJC_LITERAL_CONVERSION = YES;
				CLANG_WARN_OBJC_ROOT_CLASS = YES_ERROR;
				CLANG_WARN_RANGE_LOOP_ANALYSIS = YES;
				CLANG_WARN_STRICT_PROTOTYPES = YES;
				CLANG_WARN_SUSPICIOUS_MOVE = YES;
				CLANG_WARN_UNGUARDED_AVAILABILITY = YES_AGGRESSIVE;
				CLANG_WARN_UNREACHABLE_CODE = YES;
				CLANG_WARN__DUPLICATE_METHOD_MATCH = YES;
				COPY_PHASE_STRIP = NO;
				DEBUG_INFORMATION_FORMAT = dwarf;
				ENABLE_STRICT_OBJC_MSGSEND = YES;
				ENABLE_TESTABILITY = YES;
				GCC_C_LANGUAGE_STANDARD = gnu11;
				GCC_DYNAMIC_NO_PIC = NO;
				GCC_NO_COMMON_BLOCKS = YES;
				GCC_OPTIMIZATION_LEVEL = 0;
				GCC_PREPROCESSOR_DEFINITIONS = (
					"DEBUG=1",
					"$(inherited)",
				);
				GCC_WARN_64_TO_32_BIT_CONVERSION = YES;
				GCC_WARN_ABOUT_RETURN_TYPE = YES_ERROR;
				GCC_WARN_UNDECLARED_SELECTOR = YES;
				GCC_WARN_UNINITIALIZED_AUTOS = YES_AGGRESSIVE;
				GCC_WARN_UNUSED_FUNCTION = YES;
				GCC_WARN_UNUSED_VARIABLE = YES;
				IPHONEOS_DEPLOYMENT_TARGET = 13.2;
				MTL_ENABLE_DEBUG_INFO = INCLUDE_SOURCE;
				MTL_FAST_MATH = YES;
				ONLY_ACTIVE_ARCH = YES;
				SDKROOT = iphoneos;
				SWIFT_ACTIVE_COMPILATION_CONDITIONS = DEBUG;
				SWIFT_OPTIMIZATION_LEVEL = "-Onone";
			};
			name = Debug;
		};
		6896815C23D33103007A9E7A /* Release */ = {
			isa = XCBuildConfiguration;
			buildSettings = {
				ALWAYS_SEARCH_USER_PATHS = NO;
				CLANG_ANALYZER_NONNULL = YES;
				CLANG_ANALYZER_NUMBER_OBJECT_CONVERSION = YES_AGGRESSIVE;
				CLANG_CXX_LANGUAGE_STANDARD = "gnu++14";
				CLANG_CXX_LIBRARY = "libc++";
				CLANG_ENABLE_MODULES = YES;
				CLANG_ENABLE_OBJC_ARC = YES;
				CLANG_ENABLE_OBJC_WEAK = YES;
				CLANG_WARN_BLOCK_CAPTURE_AUTORELEASING = YES;
				CLANG_WARN_BOOL_CONVERSION = YES;
				CLANG_WARN_COMMA = YES;
				CLANG_WARN_CONSTANT_CONVERSION = YES;
				CLANG_WARN_DEPRECATED_OBJC_IMPLEMENTATIONS = YES;
				CLANG_WARN_DIRECT_OBJC_ISA_USAGE = YES_ERROR;
				CLANG_WARN_DOCUMENTATION_COMMENTS = YES;
				CLANG_WARN_EMPTY_BODY = YES;
				CLANG_WARN_ENUM_CONVERSION = YES;
				CLANG_WARN_INFINITE_RECURSION = YES;
				CLANG_WARN_INT_CONVERSION = YES;
				CLANG_WARN_NON_LITERAL_NULL_CONVERSION = YES;
				CLANG_WARN_OBJC_IMPLICIT_RETAIN_SELF = YES;
				CLANG_WARN_OBJC_LITERAL_CONVERSION = YES;
				CLANG_WARN_OBJC_ROOT_CLASS = YES_ERROR;
				CLANG_WARN_RANGE_LOOP_ANALYSIS = YES;
				CLANG_WARN_STRICT_PROTOTYPES = YES;
				CLANG_WARN_SUSPICIOUS_MOVE = YES;
				CLANG_WARN_UNGUARDED_AVAILABILITY = YES_AGGRESSIVE;
				CLANG_WARN_UNREACHABLE_CODE = YES;
				CLANG_WARN__DUPLICATE_METHOD_MATCH = YES;
				COPY_PHASE_STRIP = NO;
				DEBUG_INFORMATION_FORMAT = "dwarf-with-dsym";
				ENABLE_NS_ASSERTIONS = NO;
				ENABLE_STRICT_OBJC_MSGSEND = YES;
				GCC_C_LANGUAGE_STANDARD = gnu11;
				GCC_NO_COMMON_BLOCKS = YES;
				GCC_WARN_64_TO_32_BIT_CONVERSION = YES;
				GCC_WARN_ABOUT_RETURN_TYPE = YES_ERROR;
				GCC_WARN_UNDECLARED_SELECTOR = YES;
				GCC_WARN_UNINITIALIZED_AUTOS = YES_AGGRESSIVE;
				GCC_WARN_UNUSED_FUNCTION = YES;
				GCC_WARN_UNUSED_VARIABLE = YES;
				IPHONEOS_DEPLOYMENT_TARGET = 13.2;
				MTL_ENABLE_DEBUG_INFO = NO;
				MTL_FAST_MATH = YES;
				SDKROOT = iphoneos;
				SWIFT_COMPILATION_MODE = wholemodule;
				SWIFT_OPTIMIZATION_LEVEL = "-O";
				VALIDATE_PRODUCT = YES;
			};
			name = Release;
		};
		6896815E23D33103007A9E7A /* Debug */ = {
			isa = XCBuildConfiguration;
			buildSettings = {
				ASSETCATALOG_COMPILER_APPICON_NAME = AppIcon;
				CODE_SIGN_STYLE = Automatic;
				DEVELOPMENT_TEAM = 3EZR7JF57Z;
				INFOPLIST_FILE = "Tetromino sudoku/Info.plist";
				LD_RUNPATH_SEARCH_PATHS = (
					"$(inherited)",
					"@executable_path/Frameworks",
				);
				PRODUCT_BUNDLE_IDENTIFIER = "com.olavsalhus.Tetromino-sudoku";
				PRODUCT_NAME = "$(TARGET_NAME)";
				SWIFT_VERSION = 5.0;
				TARGETED_DEVICE_FAMILY = "1,2";
			};
			name = Debug;
		};
		6896815F23D33103007A9E7A /* Release */ = {
			isa = XCBuildConfiguration;
			buildSettings = {
				ASSETCATALOG_COMPILER_APPICON_NAME = AppIcon;
				CODE_SIGN_STYLE = Automatic;
				DEVELOPMENT_TEAM = 3EZR7JF57Z;
				INFOPLIST_FILE = "Tetromino sudoku/Info.plist";
				LD_RUNPATH_SEARCH_PATHS = (
					"$(inherited)",
					"@executable_path/Frameworks",
				);
				PRODUCT_BUNDLE_IDENTIFIER = "com.olavsalhus.Tetromino-sudoku";
				PRODUCT_NAME = "$(TARGET_NAME)";
				SWIFT_VERSION = 5.0;
				TARGETED_DEVICE_FAMILY = "1,2";
			};
			name = Release;
		};
/* End XCBuildConfiguration section */

/* Begin XCConfigurationList section */
		6896814023D330FA007A9E7A /* Build configuration list for PBXProject "Tetromino sudoku" */ = {
			isa = XCConfigurationList;
			buildConfigurations = (
				6896815B23D33103007A9E7A /* Debug */,
				6896815C23D33103007A9E7A /* Release */,
			);
			defaultConfigurationIsVisible = 0;
			defaultConfigurationName = Release;
		};
		6896815D23D33103007A9E7A /* Build configuration list for PBXNativeTarget "Tetromino sudoku" */ = {
			isa = XCConfigurationList;
			buildConfigurations = (
				6896815E23D33103007A9E7A /* Debug */,
				6896815F23D33103007A9E7A /* Release */,
			);
			defaultConfigurationIsVisible = 0;
			defaultConfigurationName = Release;
		};
/* End XCConfigurationList section */
	};
	rootObject = 6896813D23D330FA007A9E7A /* Project object */;
}
